
Microsoft Visual Studio Solution File, Format Version 12.00
Project("{2150E333-8FDC-42A3-9474-1A3956D46DE8}") = "common", "common", "{F831360B-4231-45AE-A031-6942E02BB6AB}"
EndProject
Project("{2150E333-8FDC-42A3-9474-1A3956D46DE8}") = "back", "back", "{71062F49-701A-42E0-AA59-DF2230421C3D}"
EndProject
Project("{2150E333-8FDC-42A3-9474-1A3956D46DE8}") = "front", "front", "{DA1486FF-A425-414D-BB24-0D0AF4E548D0}"
EndProject
Project("{FAE04EC0-301F-11D3-BF4B-00C04F79EFBC}") = "Common", "Common\Common.csproj", "{ACCC3998-DFDD-4EBB-AA17-45A74842B855}"
EndProject
Project("{FAE04EC0-301F-11D3-BF4B-00C04F79EFBC}") = "Front", "Front\Front\Front.csproj", "{C57A9214-A087-4A4C-8CFE-E4FF9FF6AC3D}"
EndProject
Project("{FAE04EC0-301F-11D3-BF4B-00C04F79EFBC}") = "Front.Android", "Front\Front.Android\Front.Android.csproj", "{022CD8A4-8395-4C40-89A8-19D17FAB9F2D}"
EndProject
Project("{FAE04EC0-301F-11D3-BF4B-00C04F79EFBC}") = "Front.Desktop", "Front\Front.Desktop\Front.Desktop.csproj", "{BF408188-36B9-484B-BED8-2FEADB8E92A4}"
EndProject
Project("{FAE04EC0-301F-11D3-BF4B-00C04F79EFBC}") = "Front.iOS", "Front\Front.iOS\Front.iOS.csproj", "{0C3FB9B9-0F5E-4E4D-9A30-1168039671EC}"
EndProject
Project("{FAE04EC0-301F-11D3-BF4B-00C04F79EFBC}") = "Front.Browser", "Front\Front.Browser\Front.Browser.csproj", "{F002A345-E824-463C-B9CE-63A5EBA779AE}"
EndProject
Global
	GlobalSection(SolutionConfigurationPlatforms) = preSolution
		Debug|Any CPU = Debug|Any CPU
		Release|Any CPU = Release|Any CPU
	EndGlobalSection
	GlobalSection(NestedProjects) = preSolution
		{ACCC3998-DFDD-4EBB-AA17-45A74842B855} = {F831360B-4231-45AE-A031-6942E02BB6AB}
		{C57A9214-A087-4A4C-8CFE-E4FF9FF6AC3D} = {DA1486FF-A425-414D-BB24-0D0AF4E548D0}
		{022CD8A4-8395-4C40-89A8-19D17FAB9F2D} = {DA1486FF-A425-414D-BB24-0D0AF4E548D0}
		{BF408188-36B9-484B-BED8-2FEADB8E92A4} = {DA1486FF-A425-414D-BB24-0D0AF4E548D0}
		{0C3FB9B9-0F5E-4E4D-9A30-1168039671EC} = {DA1486FF-A425-414D-BB24-0D0AF4E548D0}
		{F002A345-E824-463C-B9CE-63A5EBA779AE} = {DA1486FF-A425-414D-BB24-0D0AF4E548D0}
	EndGlobalSection
	GlobalSection(ProjectConfigurationPlatforms) = postSolution
		{ACCC3998-DFDD-4EBB-AA17-45A74842B855}.Debug|Any CPU.ActiveCfg = Debug|Any CPU
		{ACCC3998-DFDD-4EBB-AA17-45A74842B855}.Debug|Any CPU.Build.0 = Debug|Any CPU
		{ACCC3998-DFDD-4EBB-AA17-45A74842B855}.Release|Any CPU.ActiveCfg = Release|Any CPU
		{ACCC3998-DFDD-4EBB-AA17-45A74842B855}.Release|Any CPU.Build.0 = Release|Any CPU
		{C57A9214-A087-4A4C-8CFE-E4FF9FF6AC3D}.Debug|Any CPU.ActiveCfg = Debug|Any CPU
		{C57A9214-A087-4A4C-8CFE-E4FF9FF6AC3D}.Debug|Any CPU.Build.0 = Debug|Any CPU
		{C57A9214-A087-4A4C-8CFE-E4FF9FF6AC3D}.Release|Any CPU.ActiveCfg = Release|Any CPU
		{C57A9214-A087-4A4C-8CFE-E4FF9FF6AC3D}.Release|Any CPU.Build.0 = Release|Any CPU
		{022CD8A4-8395-4C40-89A8-19D17FAB9F2D}.Debug|Any CPU.ActiveCfg = Debug|Any CPU
		{022CD8A4-8395-4C40-89A8-19D17FAB9F2D}.Debug|Any CPU.Build.0 = Debug|Any CPU
		{022CD8A4-8395-4C40-89A8-19D17FAB9F2D}.Release|Any CPU.ActiveCfg = Release|Any CPU
		{022CD8A4-8395-4C40-89A8-19D17FAB9F2D}.Release|Any CPU.Build.0 = Release|Any CPU
		{BF408188-36B9-484B-BED8-2FEADB8E92A4}.Debug|Any CPU.ActiveCfg = Debug|Any CPU
		{BF408188-36B9-484B-BED8-2FEADB8E92A4}.Debug|Any CPU.Build.0 = Debug|Any CPU
		{BF408188-36B9-484B-BED8-2FEADB8E92A4}.Release|Any CPU.ActiveCfg = Release|Any CPU
		{BF408188-36B9-484B-BED8-2FEADB8E92A4}.Release|Any CPU.Build.0 = Release|Any CPU
		{0C3FB9B9-0F5E-4E4D-9A30-1168039671EC}.Debug|Any CPU.ActiveCfg = Debug|Any CPU
		{0C3FB9B9-0F5E-4E4D-9A30-1168039671EC}.Debug|Any CPU.Build.0 = Debug|Any CPU
		{0C3FB9B9-0F5E-4E4D-9A30-1168039671EC}.Release|Any CPU.ActiveCfg = Release|Any CPU
		{0C3FB9B9-0F5E-4E4D-9A30-1168039671EC}.Release|Any CPU.Build.0 = Release|Any CPU
		{F002A345-E824-463C-B9CE-63A5EBA779AE}.Debug|Any CPU.ActiveCfg = Debug|Any CPU
		{F002A345-E824-463C-B9CE-63A5EBA779AE}.Debug|Any CPU.Build.0 = Debug|Any CPU
		{F002A345-E824-463C-B9CE-63A5EBA779AE}.Release|Any CPU.ActiveCfg = Release|Any CPU
		{F002A345-E824-463C-B9CE-63A5EBA779AE}.Release|Any CPU.Build.0 = Release|Any CPU
	EndGlobalSection
EndGlobal
