
Microsoft Visual Studio Solution File, Format Version 12.00
# Visual Studio Version 16
VisualStudioVersion = 25.0.1705.4
MinimumVisualStudioVersion = 10.0.40219.1
Project("{FAE04EC0-301F-11D3-BF4B-00C04F79EFBC}") = "common", "common.csproj", "{E76A33F0-31BB-41AE-97DE-B4A81A0CA05A}"
EndProject
Global
	GlobalSection(SolutionConfigurationPlatforms) = preSolution
		Debug|Any CPU = Debug|Any CPU
		Release|Any CPU = Release|Any CPU
	EndGlobalSection
	GlobalSection(ProjectConfigurationPlatforms) = postSolution
		{E76A33F0-31BB-41AE-97DE-B4A81A0CA05A}.Debug|Any CPU.ActiveCfg = Debug|Any CPU
		{E76A33F0-31BB-41AE-97DE-B4A81A0CA05A}.Debug|Any CPU.Build.0 = Debug|Any CPU
		{E76A33F0-31BB-41AE-97DE-B4A81A0CA05A}.Release|Any CPU.ActiveCfg = Release|Any CPU
		{E76A33F0-31BB-41AE-97DE-B4A81A0CA05A}.Release|Any CPU.Build.0 = Release|Any CPU
	EndGlobalSection
	GlobalSection(SolutionProperties) = preSolution
		HideSolutionNode = FALSE
	EndGlobalSection
	GlobalSection(ExtensibilityGlobals) = postSolution
		SolutionGuid = {98BB4925-048E-4E43-AE83-1B008E6C5094}
	EndGlobalSection
EndGlobal
